// !$*UTF8*$!
{
	archiveVersion = 1;
	classes = {
	};
	objectVersion = 50;
	objects = {

/* Begin PBXBuildFile section */
		22690239255D83E1008DF1A4 /* AppDelegate.swift in Sources */ = {isa = PBXBuildFile; fileRef = 22690238255D83E1008DF1A4 /* AppDelegate.swift */; };
		2269023B255D83E1008DF1A4 /* SceneDelegate.swift in Sources */ = {isa = PBXBuildFile; fileRef = 2269023A255D83E1008DF1A4 /* SceneDelegate.swift */; };
		2269023D255D83E1008DF1A4 /* ViewController.swift in Sources */ = {isa = PBXBuildFile; fileRef = 2269023C255D83E1008DF1A4 /* ViewController.swift */; };
		22690240255D83E1008DF1A4 /* Main.storyboard in Resources */ = {isa = PBXBuildFile; fileRef = 2269023E255D83E1008DF1A4 /* Main.storyboard */; };
		22690242255D83E2008DF1A4 /* Assets.xcassets in Resources */ = {isa = PBXBuildFile; fileRef = 22690241255D83E2008DF1A4 /* Assets.xcassets */; };
		22690245255D83E2008DF1A4 /* LaunchScreen.storyboard in Resources */ = {isa = PBXBuildFile; fileRef = 22690243255D83E2008DF1A4 /* LaunchScreen.storyboard */; };
		22690250255D83E2008DF1A4 /* AryaTests.swift in Sources */ = {isa = PBXBuildFile; fileRef = 2269024F255D83E2008DF1A4 /* AryaTests.swift */; };
		2269025B255D83E2008DF1A4 /* AryaUITests.swift in Sources */ = {isa = PBXBuildFile; fileRef = 2269025A255D83E2008DF1A4 /* AryaUITests.swift */; };
		615BECD399CA9C45880D2AA5 /* Pods_Arya_AryaUITests.framework in Frameworks */ = {isa = PBXBuildFile; fileRef = 1786AD31A8C0C033893EC534 /* Pods_Arya_AryaUITests.framework */; };
		9CC95FCAD4DF99F4F7C95CA0 /* Pods_AryaTests.framework in Frameworks */ = {isa = PBXBuildFile; fileRef = B2CAFD257EFCED363B8DC7C4 /* Pods_AryaTests.framework */; };
		C8E2463D977EB49021E4DE3E /* Pods_Arya.framework in Frameworks */ = {isa = PBXBuildFile; fileRef = B895A93186B8C4482E90DC3D /* Pods_Arya.framework */; };
/* End PBXBuildFile section */

/* Begin PBXContainerItemProxy section */
		2269024C255D83E2008DF1A4 /* PBXContainerItemProxy */ = {
			isa = PBXContainerItemProxy;
			containerPortal = 2269022D255D83E1008DF1A4 /* Project object */;
			proxyType = 1;
			remoteGlobalIDString = 22690234255D83E1008DF1A4;
			remoteInfo = Arya;
		};
		22690257255D83E2008DF1A4 /* PBXContainerItemProxy */ = {
			isa = PBXContainerItemProxy;
			containerPortal = 2269022D255D83E1008DF1A4 /* Project object */;
			proxyType = 1;
			remoteGlobalIDString = 22690234255D83E1008DF1A4;
			remoteInfo = Arya;
		};
/* End PBXContainerItemProxy section */

/* Begin PBXFileReference section */
		1786AD31A8C0C033893EC534 /* Pods_Arya_AryaUITests.framework */ = {isa = PBXFileReference; explicitFileType = wrapper.framework; includeInIndex = 0; path = Pods_Arya_AryaUITests.framework; sourceTree = BUILT_PRODUCTS_DIR; };
		22690235255D83E1008DF1A4 /* Arya.app */ = {isa = PBXFileReference; explicitFileType = wrapper.application; includeInIndex = 0; path = Arya.app; sourceTree = BUILT_PRODUCTS_DIR; };
		22690238255D83E1008DF1A4 /* AppDelegate.swift */ = {isa = PBXFileReference; lastKnownFileType = sourcecode.swift; path = AppDelegate.swift; sourceTree = "<group>"; };
		2269023A255D83E1008DF1A4 /* SceneDelegate.swift */ = {isa = PBXFileReference; lastKnownFileType = sourcecode.swift; path = SceneDelegate.swift; sourceTree = "<group>"; };
		2269023C255D83E1008DF1A4 /* ViewController.swift */ = {isa = PBXFileReference; lastKnownFileType = sourcecode.swift; path = ViewController.swift; sourceTree = "<group>"; };
		2269023F255D83E1008DF1A4 /* Base */ = {isa = PBXFileReference; lastKnownFileType = file.storyboard; name = Base; path = Base.lproj/Main.storyboard; sourceTree = "<group>"; };
		22690241255D83E2008DF1A4 /* Assets.xcassets */ = {isa = PBXFileReference; lastKnownFileType = folder.assetcatalog; path = Assets.xcassets; sourceTree = "<group>"; };
		22690244255D83E2008DF1A4 /* Base */ = {isa = PBXFileReference; lastKnownFileType = file.storyboard; name = Base; path = Base.lproj/LaunchScreen.storyboard; sourceTree = "<group>"; };
		22690246255D83E2008DF1A4 /* Info.plist */ = {isa = PBXFileReference; lastKnownFileType = text.plist.xml; path = Info.plist; sourceTree = "<group>"; };
		2269024B255D83E2008DF1A4 /* AryaTests.xctest */ = {isa = PBXFileReference; explicitFileType = wrapper.cfbundle; includeInIndex = 0; path = AryaTests.xctest; sourceTree = BUILT_PRODUCTS_DIR; };
		2269024F255D83E2008DF1A4 /* AryaTests.swift */ = {isa = PBXFileReference; lastKnownFileType = sourcecode.swift; path = AryaTests.swift; sourceTree = "<group>"; };
		22690251255D83E2008DF1A4 /* Info.plist */ = {isa = PBXFileReference; lastKnownFileType = text.plist.xml; path = Info.plist; sourceTree = "<group>"; };
		22690256255D83E2008DF1A4 /* AryaUITests.xctest */ = {isa = PBXFileReference; explicitFileType = wrapper.cfbundle; includeInIndex = 0; path = AryaUITests.xctest; sourceTree = BUILT_PRODUCTS_DIR; };
		2269025A255D83E2008DF1A4 /* AryaUITests.swift */ = {isa = PBXFileReference; lastKnownFileType = sourcecode.swift; path = AryaUITests.swift; sourceTree = "<group>"; };
		2269025C255D83E2008DF1A4 /* Info.plist */ = {isa = PBXFileReference; lastKnownFileType = text.plist.xml; path = Info.plist; sourceTree = "<group>"; };
		23BB4A784E3B9A3D58BBA96F /* Pods-AryaTests.release.xcconfig */ = {isa = PBXFileReference; includeInIndex = 1; lastKnownFileType = text.xcconfig; name = "Pods-AryaTests.release.xcconfig"; path = "Target Support Files/Pods-AryaTests/Pods-AryaTests.release.xcconfig"; sourceTree = "<group>"; };
		59A69524F0D7632650A788E5 /* Pods-Arya.debug.xcconfig */ = {isa = PBXFileReference; includeInIndex = 1; lastKnownFileType = text.xcconfig; name = "Pods-Arya.debug.xcconfig"; path = "Target Support Files/Pods-Arya/Pods-Arya.debug.xcconfig"; sourceTree = "<group>"; };
		77874CA405CD2864A401D26E /* Pods-Arya.release.xcconfig */ = {isa = PBXFileReference; includeInIndex = 1; lastKnownFileType = text.xcconfig; name = "Pods-Arya.release.xcconfig"; path = "Target Support Files/Pods-Arya/Pods-Arya.release.xcconfig"; sourceTree = "<group>"; };
		B2CAFD257EFCED363B8DC7C4 /* Pods_AryaTests.framework */ = {isa = PBXFileReference; explicitFileType = wrapper.framework; includeInIndex = 0; path = Pods_AryaTests.framework; sourceTree = BUILT_PRODUCTS_DIR; };
		B895A93186B8C4482E90DC3D /* Pods_Arya.framework */ = {isa = PBXFileReference; explicitFileType = wrapper.framework; includeInIndex = 0; path = Pods_Arya.framework; sourceTree = BUILT_PRODUCTS_DIR; };
		E0F2086EA7984AF69F2A0BA0 /* Pods-Arya-AryaUITests.debug.xcconfig */ = {isa = PBXFileReference; includeInIndex = 1; lastKnownFileType = text.xcconfig; name = "Pods-Arya-AryaUITests.debug.xcconfig"; path = "Target Support Files/Pods-Arya-AryaUITests/Pods-Arya-AryaUITests.debug.xcconfig"; sourceTree = "<group>"; };
		E27BD6CC08F0FF65BAB77AA0 /* Pods-Arya-AryaUITests.release.xcconfig */ = {isa = PBXFileReference; includeInIndex = 1; lastKnownFileType = text.xcconfig; name = "Pods-Arya-AryaUITests.release.xcconfig"; path = "Target Support Files/Pods-Arya-AryaUITests/Pods-Arya-AryaUITests.release.xcconfig"; sourceTree = "<group>"; };
		F09A8EB8B9EA33127761EA18 /* Pods-AryaTests.debug.xcconfig */ = {isa = PBXFileReference; includeInIndex = 1; lastKnownFileType = text.xcconfig; name = "Pods-AryaTests.debug.xcconfig"; path = "Target Support Files/Pods-AryaTests/Pods-AryaTests.debug.xcconfig"; sourceTree = "<group>"; };
/* End PBXFileReference section */

/* Begin PBXFrameworksBuildPhase section */
		22690232255D83E1008DF1A4 /* Frameworks */ = {
			isa = PBXFrameworksBuildPhase;
			buildActionMask = 2147483647;
			files = (
				C8E2463D977EB49021E4DE3E /* Pods_Arya.framework in Frameworks */,
			);
			runOnlyForDeploymentPostprocessing = 0;
		};
		22690248255D83E2008DF1A4 /* Frameworks */ = {
			isa = PBXFrameworksBuildPhase;
			buildActionMask = 2147483647;
			files = (
				9CC95FCAD4DF99F4F7C95CA0 /* Pods_AryaTests.framework in Frameworks */,
			);
			runOnlyForDeploymentPostprocessing = 0;
		};
		22690253255D83E2008DF1A4 /* Frameworks */ = {
			isa = PBXFrameworksBuildPhase;
			buildActionMask = 2147483647;
			files = (
				615BECD399CA9C45880D2AA5 /* Pods_Arya_AryaUITests.framework in Frameworks */,
			);
			runOnlyForDeploymentPostprocessing = 0;
		};
/* End PBXFrameworksBuildPhase section */

/* Begin PBXGroup section */
		08D707E34E3A17E5157374CC /* Frameworks */ = {
			isa = PBXGroup;
			children = (
				B895A93186B8C4482E90DC3D /* Pods_Arya.framework */,
				1786AD31A8C0C033893EC534 /* Pods_Arya_AryaUITests.framework */,
				B2CAFD257EFCED363B8DC7C4 /* Pods_AryaTests.framework */,
			);
			name = Frameworks;
			sourceTree = "<group>";
		};
		2269022C255D83E1008DF1A4 = {
			isa = PBXGroup;
			children = (
				22690237255D83E1008DF1A4 /* Arya */,
				2269024E255D83E2008DF1A4 /* AryaTests */,
				22690259255D83E2008DF1A4 /* AryaUITests */,
				22690236255D83E1008DF1A4 /* Products */,
				81967DC90A4CD53C78DB8FFD /* Pods */,
				08D707E34E3A17E5157374CC /* Frameworks */,
			);
			sourceTree = "<group>";
		};
		22690236255D83E1008DF1A4 /* Products */ = {
			isa = PBXGroup;
			children = (
				22690235255D83E1008DF1A4 /* Arya.app */,
				2269024B255D83E2008DF1A4 /* AryaTests.xctest */,
				22690256255D83E2008DF1A4 /* AryaUITests.xctest */,
			);
			name = Products;
			sourceTree = "<group>";
		};
		22690237255D83E1008DF1A4 /* Arya */ = {
			isa = PBXGroup;
			children = (
				22690238255D83E1008DF1A4 /* AppDelegate.swift */,
				2269023A255D83E1008DF1A4 /* SceneDelegate.swift */,
				2269023C255D83E1008DF1A4 /* ViewController.swift */,
				2269023E255D83E1008DF1A4 /* Main.storyboard */,
				22690241255D83E2008DF1A4 /* Assets.xcassets */,
				22690243255D83E2008DF1A4 /* LaunchScreen.storyboard */,
				22690246255D83E2008DF1A4 /* Info.plist */,
			);
			path = Arya;
			sourceTree = "<group>";
		};
		2269024E255D83E2008DF1A4 /* AryaTests */ = {
			isa = PBXGroup;
			children = (
				2269024F255D83E2008DF1A4 /* AryaTests.swift */,
				22690251255D83E2008DF1A4 /* Info.plist */,
			);
			path = AryaTests;
			sourceTree = "<group>";
		};
		22690259255D83E2008DF1A4 /* AryaUITests */ = {
			isa = PBXGroup;
			children = (
				2269025A255D83E2008DF1A4 /* AryaUITests.swift */,
				2269025C255D83E2008DF1A4 /* Info.plist */,
			);
			path = AryaUITests;
			sourceTree = "<group>";
		};
		81967DC90A4CD53C78DB8FFD /* Pods */ = {
			isa = PBXGroup;
			children = (
				59A69524F0D7632650A788E5 /* Pods-Arya.debug.xcconfig */,
				77874CA405CD2864A401D26E /* Pods-Arya.release.xcconfig */,
				E0F2086EA7984AF69F2A0BA0 /* Pods-Arya-AryaUITests.debug.xcconfig */,
				E27BD6CC08F0FF65BAB77AA0 /* Pods-Arya-AryaUITests.release.xcconfig */,
				F09A8EB8B9EA33127761EA18 /* Pods-AryaTests.debug.xcconfig */,
				23BB4A784E3B9A3D58BBA96F /* Pods-AryaTests.release.xcconfig */,
			);
			path = Pods;
			sourceTree = "<group>";
		};
/* End PBXGroup section */

/* Begin PBXNativeTarget section */
		22690234255D83E1008DF1A4 /* Arya */ = {
			isa = PBXNativeTarget;
			buildConfigurationList = 2269025F255D83E2008DF1A4 /* Build configuration list for PBXNativeTarget "Arya" */;
			buildPhases = (
				6D9D179816DCC01CF35628C1 /* [CP] Check Pods Manifest.lock */,
				22690231255D83E1008DF1A4 /* Sources */,
				22690232255D83E1008DF1A4 /* Frameworks */,
				22690233255D83E1008DF1A4 /* Resources */,
				22E73AE92562A2F20097F5A1 /* ShellScript */,
			);
			buildRules = (
			);
			dependencies = (
			);
			name = Arya;
			productName = Arya;
			productReference = 22690235255D83E1008DF1A4 /* Arya.app */;
			productType = "com.apple.product-type.application";
		};
		2269024A255D83E2008DF1A4 /* AryaTests */ = {
			isa = PBXNativeTarget;
			buildConfigurationList = 22690262255D83E2008DF1A4 /* Build configuration list for PBXNativeTarget "AryaTests" */;
			buildPhases = (
				136C2481A6CD3CE9152D244C /* [CP] Check Pods Manifest.lock */,
				22690247255D83E2008DF1A4 /* Sources */,
				22690248255D83E2008DF1A4 /* Frameworks */,
				22690249255D83E2008DF1A4 /* Resources */,
			);
			buildRules = (
			);
			dependencies = (
				2269024D255D83E2008DF1A4 /* PBXTargetDependency */,
			);
			name = AryaTests;
			productName = AryaTests;
			productReference = 2269024B255D83E2008DF1A4 /* AryaTests.xctest */;
			productType = "com.apple.product-type.bundle.unit-test";
		};
		22690255255D83E2008DF1A4 /* AryaUITests */ = {
			isa = PBXNativeTarget;
			buildConfigurationList = 22690265255D83E2008DF1A4 /* Build configuration list for PBXNativeTarget "AryaUITests" */;
			buildPhases = (
				A5E786F49D55C2CC02FF6F5E /* [CP] Check Pods Manifest.lock */,
				22690252255D83E2008DF1A4 /* Sources */,
				22690253255D83E2008DF1A4 /* Frameworks */,
				22690254255D83E2008DF1A4 /* Resources */,
			);
			buildRules = (
			);
			dependencies = (
				22690258255D83E2008DF1A4 /* PBXTargetDependency */,
			);
			name = AryaUITests;
			productName = AryaUITests;
			productReference = 22690256255D83E2008DF1A4 /* AryaUITests.xctest */;
			productType = "com.apple.product-type.bundle.ui-testing";
		};
/* End PBXNativeTarget section */

/* Begin PBXProject section */
		2269022D255D83E1008DF1A4 /* Project object */ = {
			isa = PBXProject;
			attributes = {
				LastSwiftUpdateCheck = 1200;
				LastUpgradeCheck = 1200;
				TargetAttributes = {
					22690234255D83E1008DF1A4 = {
						CreatedOnToolsVersion = 12.0.1;
					};
					2269024A255D83E2008DF1A4 = {
						CreatedOnToolsVersion = 12.0.1;
						TestTargetID = 22690234255D83E1008DF1A4;
					};
					22690255255D83E2008DF1A4 = {
						CreatedOnToolsVersion = 12.0.1;
						TestTargetID = 22690234255D83E1008DF1A4;
					};
				};
			};
			buildConfigurationList = 22690230255D83E1008DF1A4 /* Build configuration list for PBXProject "Arya" */;
			compatibilityVersion = "Xcode 9.3";
			developmentRegion = en;
			hasScannedForEncodings = 0;
			knownRegions = (
				en,
				Base,
			);
			mainGroup = 2269022C255D83E1008DF1A4;
			productRefGroup = 22690236255D83E1008DF1A4 /* Products */;
			projectDirPath = "";
			projectRoot = "";
			targets = (
				22690234255D83E1008DF1A4 /* Arya */,
				2269024A255D83E2008DF1A4 /* AryaTests */,
				22690255255D83E2008DF1A4 /* AryaUITests */,
			);
		};
/* End PBXProject section */

/* Begin PBXResourcesBuildPhase section */
		22690233255D83E1008DF1A4 /* Resources */ = {
			isa = PBXResourcesBuildPhase;
			buildActionMask = 2147483647;
			files = (
				22690245255D83E2008DF1A4 /* LaunchScreen.storyboard in Resources */,
				22690242255D83E2008DF1A4 /* Assets.xcassets in Resources */,
				22690240255D83E1008DF1A4 /* Main.storyboard in Resources */,
			);
			runOnlyForDeploymentPostprocessing = 0;
		};
		22690249255D83E2008DF1A4 /* Resources */ = {
			isa = PBXResourcesBuildPhase;
			buildActionMask = 2147483647;
			files = (
			);
			runOnlyForDeploymentPostprocessing = 0;
		};
		22690254255D83E2008DF1A4 /* Resources */ = {
			isa = PBXResourcesBuildPhase;
			buildActionMask = 2147483647;
			files = (
			);
			runOnlyForDeploymentPostprocessing = 0;
		};
/* End PBXResourcesBuildPhase section */

/* Begin PBXShellScriptBuildPhase section */
		136C2481A6CD3CE9152D244C /* [CP] Check Pods Manifest.lock */ = {
			isa = PBXShellScriptBuildPhase;
			buildActionMask = 2147483647;
			files = (
			);
			inputFileListPaths = (
			);
			inputPaths = (
				"${PODS_PODFILE_DIR_PATH}/Podfile.lock",
				"${PODS_ROOT}/Manifest.lock",
			);
			name = "[CP] Check Pods Manifest.lock";
			outputFileListPaths = (
			);
			outputPaths = (
				"$(DERIVED_FILE_DIR)/Pods-AryaTests-checkManifestLockResult.txt",
			);
			runOnlyForDeploymentPostprocessing = 0;
			shellPath = /bin/sh;
			shellScript = "diff \"${PODS_PODFILE_DIR_PATH}/Podfile.lock\" \"${PODS_ROOT}/Manifest.lock\" > /dev/null\nif [ $? != 0 ] ; then\n    # print error to STDERR\n    echo \"error: The sandbox is not in sync with the Podfile.lock. Run 'pod install' or update your CocoaPods installation.\" >&2\n    exit 1\nfi\n# This output is used by Xcode 'outputs' to avoid re-running this script phase.\necho \"SUCCESS\" > \"${SCRIPT_OUTPUT_FILE_0}\"\n";
			showEnvVarsInLog = 0;
		};
		22E73AE92562A2F20097F5A1 /* ShellScript */ = {
			isa = PBXShellScriptBuildPhase;
			buildActionMask = 2147483647;
			files = (
			);
			inputFileListPaths = (
			);
			inputPaths = (
			);
			outputFileListPaths = (
			);
			outputPaths = (
			);
			runOnlyForDeploymentPostprocessing = 0;
			shellPath = /bin/sh;
			shellScript = "# Type a script or drag a script file from your workspace to insert its path.\n${PODS_ROOT}/SwiftLint/swiftlint\n";
			showEnvVarsInLog = 0;
		};
		6D9D179816DCC01CF35628C1 /* [CP] Check Pods Manifest.lock */ = {
			isa = PBXShellScriptBuildPhase;
			buildActionMask = 2147483647;
			files = (
			);
			inputFileListPaths = (
			);
			inputPaths = (
				"${PODS_PODFILE_DIR_PATH}/Podfile.lock",
				"${PODS_ROOT}/Manifest.lock",
			);
			name = "[CP] Check Pods Manifest.lock";
			outputFileListPaths = (
			);
			outputPaths = (
				"$(DERIVED_FILE_DIR)/Pods-Arya-checkManifestLockResult.txt",
			);
			runOnlyForDeploymentPostprocessing = 0;
			shellPath = /bin/sh;
			shellScript = "diff \"${PODS_PODFILE_DIR_PATH}/Podfile.lock\" \"${PODS_ROOT}/Manifest.lock\" > /dev/null\nif [ $? != 0 ] ; then\n    # print error to STDERR\n    echo \"error: The sandbox is not in sync with the Podfile.lock. Run 'pod install' or update your CocoaPods installation.\" >&2\n    exit 1\nfi\n# This output is used by Xcode 'outputs' to avoid re-running this script phase.\necho \"SUCCESS\" > \"${SCRIPT_OUTPUT_FILE_0}\"\n";
			showEnvVarsInLog = 0;
		};
		A5E786F49D55C2CC02FF6F5E /* [CP] Check Pods Manifest.lock */ = {
			isa = PBXShellScriptBuildPhase;
			buildActionMask = 2147483647;
			files = (
			);
			inputFileListPaths = (
			);
			inputPaths = (
				"${PODS_PODFILE_DIR_PATH}/Podfile.lock",
				"${PODS_ROOT}/Manifest.lock",
			);
			name = "[CP] Check Pods Manifest.lock";
			outputFileListPaths = (
			);
			outputPaths = (
				"$(DERIVED_FILE_DIR)/Pods-Arya-AryaUITests-checkManifestLockResult.txt",
			);
			runOnlyForDeploymentPostprocessing = 0;
			shellPath = /bin/sh;
			shellScript = "diff \"${PODS_PODFILE_DIR_PATH}/Podfile.lock\" \"${PODS_ROOT}/Manifest.lock\" > /dev/null\nif [ $? != 0 ] ; then\n    # print error to STDERR\n    echo \"error: The sandbox is not in sync with the Podfile.lock. Run 'pod install' or update your CocoaPods installation.\" >&2\n    exit 1\nfi\n# This output is used by Xcode 'outputs' to avoid re-running this script phase.\necho \"SUCCESS\" > \"${SCRIPT_OUTPUT_FILE_0}\"\n";
			showEnvVarsInLog = 0;
		};
/* End PBXShellScriptBuildPhase section */

/* Begin PBXSourcesBuildPhase section */
		22690231255D83E1008DF1A4 /* Sources */ = {
			isa = PBXSourcesBuildPhase;
			buildActionMask = 2147483647;
			files = (
				2269023D255D83E1008DF1A4 /* ViewController.swift in Sources */,
				22690239255D83E1008DF1A4 /* AppDelegate.swift in Sources */,
				2269023B255D83E1008DF1A4 /* SceneDelegate.swift in Sources */,
			);
			runOnlyForDeploymentPostprocessing = 0;
		};
		22690247255D83E2008DF1A4 /* Sources */ = {
			isa = PBXSourcesBuildPhase;
			buildActionMask = 2147483647;
			files = (
				22690250255D83E2008DF1A4 /* AryaTests.swift in Sources */,
			);
			runOnlyForDeploymentPostprocessing = 0;
		};
		22690252255D83E2008DF1A4 /* Sources */ = {
			isa = PBXSourcesBuildPhase;
			buildActionMask = 2147483647;
			files = (
				2269025B255D83E2008DF1A4 /* AryaUITests.swift in Sources */,
			);
			runOnlyForDeploymentPostprocessing = 0;
		};
/* End PBXSourcesBuildPhase section */

/* Begin PBXTargetDependency section */
		2269024D255D83E2008DF1A4 /* PBXTargetDependency */ = {
			isa = PBXTargetDependency;
			target = 22690234255D83E1008DF1A4 /* Arya */;
			targetProxy = 2269024C255D83E2008DF1A4 /* PBXContainerItemProxy */;
		};
		22690258255D83E2008DF1A4 /* PBXTargetDependency */ = {
			isa = PBXTargetDependency;
			target = 22690234255D83E1008DF1A4 /* Arya */;
			targetProxy = 22690257255D83E2008DF1A4 /* PBXContainerItemProxy */;
		};
/* End PBXTargetDependency section */

/* Begin PBXVariantGroup section */
		2269023E255D83E1008DF1A4 /* Main.storyboard */ = {
			isa = PBXVariantGroup;
			children = (
				2269023F255D83E1008DF1A4 /* Base */,
			);
			name = Main.storyboard;
			sourceTree = "<group>";
		};
		22690243255D83E2008DF1A4 /* LaunchScreen.storyboard */ = {
			isa = PBXVariantGroup;
			children = (
				22690244255D83E2008DF1A4 /* Base */,
			);
			name = LaunchScreen.storyboard;
			sourceTree = "<group>";
		};
/* End PBXVariantGroup section */

/* Begin XCBuildConfiguration section */
		2269025D255D83E2008DF1A4 /* Debug */ = {
			isa = XCBuildConfiguration;
			buildSettings = {
				ALWAYS_SEARCH_USER_PATHS = NO;
				CLANG_ANALYZER_NONNULL = YES;
				CLANG_ANALYZER_NUMBER_OBJECT_CONVERSION = YES_AGGRESSIVE;
				CLANG_CXX_LANGUAGE_STANDARD = "gnu++14";
				CLANG_CXX_LIBRARY = "libc++";
				CLANG_ENABLE_MODULES = YES;
				CLANG_ENABLE_OBJC_ARC = YES;
				CLANG_ENABLE_OBJC_WEAK = YES;
				CLANG_WARN_BLOCK_CAPTURE_AUTORELEASING = YES;
				CLANG_WARN_BOOL_CONVERSION = YES;
				CLANG_WARN_COMMA = YES;
				CLANG_WARN_CONSTANT_CONVERSION = YES;
				CLANG_WARN_DEPRECATED_OBJC_IMPLEMENTATIONS = YES;
				CLANG_WARN_DIRECT_OBJC_ISA_USAGE = YES_ERROR;
				CLANG_WARN_DOCUMENTATION_COMMENTS = YES;
				CLANG_WARN_EMPTY_BODY = YES;
				CLANG_WARN_ENUM_CONVERSION = YES;
				CLANG_WARN_INFINITE_RECURSION = YES;
				CLANG_WARN_INT_CONVERSION = YES;
				CLANG_WARN_NON_LITERAL_NULL_CONVERSION = YES;
				CLANG_WARN_OBJC_IMPLICIT_RETAIN_SELF = YES;
				CLANG_WARN_OBJC_LITERAL_CONVERSION = YES;
				CLANG_WARN_OBJC_ROOT_CLASS = YES_ERROR;
				CLANG_WARN_QUOTED_INCLUDE_IN_FRAMEWORK_HEADER = YES;
				CLANG_WARN_RANGE_LOOP_ANALYSIS = YES;
				CLANG_WARN_STRICT_PROTOTYPES = YES;
				CLANG_WARN_SUSPICIOUS_MOVE = YES;
				CLANG_WARN_UNGUARDED_AVAILABILITY = YES_AGGRESSIVE;
				CLANG_WARN_UNREACHABLE_CODE = YES;
				CLANG_WARN__DUPLICATE_METHOD_MATCH = YES;
				COPY_PHASE_STRIP = NO;
				DEBUG_INFORMATION_FORMAT = dwarf;
				ENABLE_STRICT_OBJC_MSGSEND = YES;
				ENABLE_TESTABILITY = YES;
				GCC_C_LANGUAGE_STANDARD = gnu11;
				GCC_DYNAMIC_NO_PIC = NO;
				GCC_NO_COMMON_BLOCKS = YES;
				GCC_OPTIMIZATION_LEVEL = 0;
				GCC_PREPROCESSOR_DEFINITIONS = (
					"DEBUG=1",
					"$(inherited)",
				);
				GCC_WARN_64_TO_32_BIT_CONVERSION = YES;
				GCC_WARN_ABOUT_RETURN_TYPE = YES_ERROR;
				GCC_WARN_UNDECLARED_SELECTOR = YES;
				GCC_WARN_UNINITIALIZED_AUTOS = YES_AGGRESSIVE;
				GCC_WARN_UNUSED_FUNCTION = YES;
				GCC_WARN_UNUSED_VARIABLE = YES;
				IPHONEOS_DEPLOYMENT_TARGET = 14.0;
				MTL_ENABLE_DEBUG_INFO = INCLUDE_SOURCE;
				MTL_FAST_MATH = YES;
				ONLY_ACTIVE_ARCH = YES;
				SDKROOT = iphoneos;
				SWIFT_ACTIVE_COMPILATION_CONDITIONS = DEBUG;
				SWIFT_OPTIMIZATION_LEVEL = "-Onone";
			};
			name = Debug;
		};
		2269025E255D83E2008DF1A4 /* Release */ = {
			isa = XCBuildConfiguration;
			buildSettings = {
				ALWAYS_SEARCH_USER_PATHS = NO;
				CLANG_ANALYZER_NONNULL = YES;
				CLANG_ANALYZER_NUMBER_OBJECT_CONVERSION = YES_AGGRESSIVE;
				CLANG_CXX_LANGUAGE_STANDARD = "gnu++14";
				CLANG_CXX_LIBRARY = "libc++";
				CLANG_ENABLE_MODULES = YES;
				CLANG_ENABLE_OBJC_ARC = YES;
				CLANG_ENABLE_OBJC_WEAK = YES;
				CLANG_WARN_BLOCK_CAPTURE_AUTORELEASING = YES;
				CLANG_WARN_BOOL_CONVERSION = YES;
				CLANG_WARN_COMMA = YES;
				CLANG_WARN_CONSTANT_CONVERSION = YES;
				CLANG_WARN_DEPRECATED_OBJC_IMPLEMENTATIONS = YES;
				CLANG_WARN_DIRECT_OBJC_ISA_USAGE = YES_ERROR;
				CLANG_WARN_DOCUMENTATION_COMMENTS = YES;
				CLANG_WARN_EMPTY_BODY = YES;
				CLANG_WARN_ENUM_CONVERSION = YES;
				CLANG_WARN_INFINITE_RECURSION = YES;
				CLANG_WARN_INT_CONVERSION = YES;
				CLANG_WARN_NON_LITERAL_NULL_CONVERSION = YES;
				CLANG_WARN_OBJC_IMPLICIT_RETAIN_SELF = YES;
				CLANG_WARN_OBJC_LITERAL_CONVERSION = YES;
				CLANG_WARN_OBJC_ROOT_CLASS = YES_ERROR;
				CLANG_WARN_QUOTED_INCLUDE_IN_FRAMEWORK_HEADER = YES;
				CLANG_WARN_RANGE_LOOP_ANALYSIS = YES;
				CLANG_WARN_STRICT_PROTOTYPES = YES;
				CLANG_WARN_SUSPICIOUS_MOVE = YES;
				CLANG_WARN_UNGUARDED_AVAILABILITY = YES_AGGRESSIVE;
				CLANG_WARN_UNREACHABLE_CODE = YES;
				CLANG_WARN__DUPLICATE_METHOD_MATCH = YES;
				COPY_PHASE_STRIP = NO;
				DEBUG_INFORMATION_FORMAT = "dwarf-with-dsym";
				ENABLE_NS_ASSERTIONS = NO;
				ENABLE_STRICT_OBJC_MSGSEND = YES;
				GCC_C_LANGUAGE_STANDARD = gnu11;
				GCC_NO_COMMON_BLOCKS = YES;
				GCC_WARN_64_TO_32_BIT_CONVERSION = YES;
				GCC_WARN_ABOUT_RETURN_TYPE = YES_ERROR;
				GCC_WARN_UNDECLARED_SELECTOR = YES;
				GCC_WARN_UNINITIALIZED_AUTOS = YES_AGGRESSIVE;
				GCC_WARN_UNUSED_FUNCTION = YES;
				GCC_WARN_UNUSED_VARIABLE = YES;
				IPHONEOS_DEPLOYMENT_TARGET = 14.0;
				MTL_ENABLE_DEBUG_INFO = NO;
				MTL_FAST_MATH = YES;
				SDKROOT = iphoneos;
				SWIFT_COMPILATION_MODE = wholemodule;
				SWIFT_OPTIMIZATION_LEVEL = "-O";
				VALIDATE_PRODUCT = YES;
			};
			name = Release;
		};
		22690260255D83E2008DF1A4 /* Debug */ = {
			isa = XCBuildConfiguration;
			baseConfigurationReference = 59A69524F0D7632650A788E5 /* Pods-Arya.debug.xcconfig */;
			buildSettings = {
				ASSETCATALOG_COMPILER_APPICON_NAME = AppIcon;
				ASSETCATALOG_COMPILER_GLOBAL_ACCENT_COLOR_NAME = AccentColor;
				CODE_SIGN_STYLE = Automatic;
				DEVELOPMENT_TEAM = RGBZBCSCUU;
				INFOPLIST_FILE = Arya/Info.plist;
				LD_RUNPATH_SEARCH_PATHS = (
					"$(inherited)",
					"@executable_path/Frameworks",
				);
				PRODUCT_BUNDLE_IDENTIFIER = eduardasenna.Arya;
				PRODUCT_NAME = "$(TARGET_NAME)";
				SWIFT_VERSION = 5.0;
				TARGETED_DEVICE_FAMILY = "1,2";
			};
			name = Debug;
		};
		22690261255D83E2008DF1A4 /* Release */ = {
			isa = XCBuildConfiguration;
			baseConfigurationReference = 77874CA405CD2864A401D26E /* Pods-Arya.release.xcconfig */;
			buildSettings = {
				ASSETCATALOG_COMPILER_APPICON_NAME = AppIcon;
				ASSETCATALOG_COMPILER_GLOBAL_ACCENT_COLOR_NAME = AccentColor;
				CODE_SIGN_STYLE = Automatic;
				DEVELOPMENT_TEAM = RGBZBCSCUU;
				INFOPLIST_FILE = Arya/Info.plist;
				LD_RUNPATH_SEARCH_PATHS = (
					"$(inherited)",
					"@executable_path/Frameworks",
				);
				PRODUCT_BUNDLE_IDENTIFIER = eduardasenna.Arya;
				PRODUCT_NAME = "$(TARGET_NAME)";
				SWIFT_VERSION = 5.0;
				TARGETED_DEVICE_FAMILY = "1,2";
			};
			name = Release;
		};
		22690263255D83E2008DF1A4 /* Debug */ = {
			isa = XCBuildConfiguration;
			baseConfigurationReference = F09A8EB8B9EA33127761EA18 /* Pods-AryaTests.debug.xcconfig */;
			buildSettings = {
				ALWAYS_EMBED_SWIFT_STANDARD_LIBRARIES = YES;
				BUNDLE_LOADER = "$(TEST_HOST)";
				CODE_SIGN_STYLE = Automatic;
				DEVELOPMENT_TEAM = RGBZBCSCUU;
				INFOPLIST_FILE = AryaTests/Info.plist;
				IPHONEOS_DEPLOYMENT_TARGET = 14.0;
				LD_RUNPATH_SEARCH_PATHS = (
					"$(inherited)",
					"@executable_path/Frameworks",
					"@loader_path/Frameworks",
				);
				PRODUCT_BUNDLE_IDENTIFIER = eduardasenna.AryaTests;
				PRODUCT_NAME = "$(TARGET_NAME)";
				SWIFT_VERSION = 5.0;
				TARGETED_DEVICE_FAMILY = "1,2";
				TEST_HOST = "$(BUILT_PRODUCTS_DIR)/Arya.app/Arya";
			};
			name = Debug;
		};
		22690264255D83E2008DF1A4 /* Release */ = {
			isa = XCBuildConfiguration;
			baseConfigurationReference = 23BB4A784E3B9A3D58BBA96F /* Pods-AryaTests.release.xcconfig */;
			buildSettings = {
				ALWAYS_EMBED_SWIFT_STANDARD_LIBRARIES = YES;
				BUNDLE_LOADER = "$(TEST_HOST)";
				CODE_SIGN_STYLE = Automatic;
				DEVELOPMENT_TEAM = RGBZBCSCUU;
				INFOPLIST_FILE = AryaTests/Info.plist;
				IPHONEOS_DEPLOYMENT_TARGET = 14.0;
				LD_RUNPATH_SEARCH_PATHS = (
					"$(inherited)",
					"@executable_path/Frameworks",
					"@loader_path/Frameworks",
				);
				PRODUCT_BUNDLE_IDENTIFIER = eduardasenna.AryaTests;
				PRODUCT_NAME = "$(TARGET_NAME)";
				SWIFT_VERSION = 5.0;
				TARGETED_DEVICE_FAMILY = "1,2";
				TEST_HOST = "$(BUILT_PRODUCTS_DIR)/Arya.app/Arya";
			};
			name = Release;
		};
		22690266255D83E2008DF1A4 /* Debug */ = {
			isa = XCBuildConfiguration;
			baseConfigurationReference = E0F2086EA7984AF69F2A0BA0 /* Pods-Arya-AryaUITests.debug.xcconfig */;
			buildSettings = {
				ALWAYS_EMBED_SWIFT_STANDARD_LIBRARIES = YES;
				CODE_SIGN_STYLE = Automatic;
				DEVELOPMENT_TEAM = RGBZBCSCUU;
				INFOPLIST_FILE = AryaUITests/Info.plist;
				LD_RUNPATH_SEARCH_PATHS = (
					"$(inherited)",
					"@executable_path/Frameworks",
					"@loader_path/Frameworks",
				);
				PRODUCT_BUNDLE_IDENTIFIER = eduardasenna.AryaUITests;
				PRODUCT_NAME = "$(TARGET_NAME)";
				SWIFT_VERSION = 5.0;
				TARGETED_DEVICE_FAMILY = "1,2";
				TEST_TARGET_NAME = Arya;
			};
			name = Debug;
		};
		22690267255D83E2008DF1A4 /* Release */ = {
			isa = XCBuildConfiguration;
			baseConfigurationReference = E27BD6CC08F0FF65BAB77AA0 /* Pods-Arya-AryaUITests.release.xcconfig */;
			buildSettings = {
				ALWAYS_EMBED_SWIFT_STANDARD_LIBRARIES = YES;
				CODE_SIGN_STYLE = Automatic;
				DEVELOPMENT_TEAM = RGBZBCSCUU;
				INFOPLIST_FILE = AryaUITests/Info.plist;
				LD_RUNPATH_SEARCH_PATHS = (
					"$(inherited)",
					"@executable_path/Frameworks",
					"@loader_path/Frameworks",
				);
				PRODUCT_BUNDLE_IDENTIFIER = eduardasenna.AryaUITests;
				PRODUCT_NAME = "$(TARGET_NAME)";
				SWIFT_VERSION = 5.0;
				TARGETED_DEVICE_FAMILY = "1,2";
				TEST_TARGET_NAME = Arya;
			};
			name = Release;
		};
/* End XCBuildConfiguration section */

/* Begin XCConfigurationList section */
		22690230255D83E1008DF1A4 /* Build configuration list for PBXProject "Arya" */ = {
			isa = XCConfigurationList;
			buildConfigurations = (
				2269025D255D83E2008DF1A4 /* Debug */,
				2269025E255D83E2008DF1A4 /* Release */,
			);
			defaultConfigurationIsVisible = 0;
			defaultConfigurationName = Release;
		};
		2269025F255D83E2008DF1A4 /* Build configuration list for PBXNativeTarget "Arya" */ = {
			isa = XCConfigurationList;
			buildConfigurations = (
				22690260255D83E2008DF1A4 /* Debug */,
				22690261255D83E2008DF1A4 /* Release */,
			);
			defaultConfigurationIsVisible = 0;
			defaultConfigurationName = Release;
		};
		22690262255D83E2008DF1A4 /* Build configuration list for PBXNativeTarget "AryaTests" */ = {
			isa = XCConfigurationList;
			buildConfigurations = (
				22690263255D83E2008DF1A4 /* Debug */,
				22690264255D83E2008DF1A4 /* Release */,
			);
			defaultConfigurationIsVisible = 0;
			defaultConfigurationName = Release;
		};
		22690265255D83E2008DF1A4 /* Build configuration list for PBXNativeTarget "AryaUITests" */ = {
			isa = XCConfigurationList;
			buildConfigurations = (
				22690266255D83E2008DF1A4 /* Debug */,
				22690267255D83E2008DF1A4 /* Release */,
			);
			defaultConfigurationIsVisible = 0;
			defaultConfigurationName = Release;
		};
/* End XCConfigurationList section */
	};
	rootObject = 2269022D255D83E1008DF1A4 /* Project object */;
}
